
Microsoft Visual Studio Solution File, Format Version 12.00
# Visual Studio Version 16
VisualStudioVersion = 16.0.32630.194
MinimumVisualStudioVersion = 10.0.40219.1
Project("{FAE04EC0-301F-11D3-BF4B-00C04F79EFBC}") = "PlayOn.Android", "PlayOn\PlayOn.Android\PlayOn.Android.csproj", "{0D156B00-88CC-4804-A7FB-B8359B795A47}"
EndProject
Project("{FAE04EC0-301F-11D3-BF4B-00C04F79EFBC}") = "PlayOn.iOS", "PlayOn\PlayOn.iOS\PlayOn.iOS.csproj", "{2A6FFD82-E7EA-419D-B4F9-38EE88222C85}"
EndProject
Project("{9A19103F-16F7-4668-BE54-9A1E7A4F7556}") = "PlayOn", "PlayOn\PlayOn\PlayOn.csproj", "{288E03E6-7EF3-43DD-BF8E-5D60DCD296D5}"
EndProject
Global
	GlobalSection(SolutionConfigurationPlatforms) = preSolution
		Debug|Any CPU = Debug|Any CPU
		Debug|iPhone = Debug|iPhone
		Debug|iPhoneSimulator = Debug|iPhoneSimulator
		Release|Any CPU = Release|Any CPU
		Release|iPhone = Release|iPhone
		Release|iPhoneSimulator = Release|iPhoneSimulator
	EndGlobalSection
	GlobalSection(ProjectConfigurationPlatforms) = postSolution
		{0D156B00-88CC-4804-A7FB-B8359B795A47}.Debug|Any CPU.ActiveCfg = Debug|Any CPU
		{0D156B00-88CC-4804-A7FB-B8359B795A47}.Debug|Any CPU.Build.0 = Debug|Any CPU
		{0D156B00-88CC-4804-A7FB-B8359B795A47}.Debug|Any CPU.Deploy.0 = Debug|Any CPU
		{0D156B00-88CC-4804-A7FB-B8359B795A47}.Debug|iPhone.ActiveCfg = Debug|Any CPU
		{0D156B00-88CC-4804-A7FB-B8359B795A47}.Debug|iPhone.Build.0 = Debug|Any CPU
		{0D156B00-88CC-4804-A7FB-B8359B795A47}.Debug|iPhoneSimulator.ActiveCfg = Debug|Any CPU
		{0D156B00-88CC-4804-A7FB-B8359B795A47}.Debug|iPhoneSimulator.Build.0 = Debug|Any CPU
		{0D156B00-88CC-4804-A7FB-B8359B795A47}.Release|Any CPU.ActiveCfg = Release|Any CPU
		{0D156B00-88CC-4804-A7FB-B8359B795A47}.Release|Any CPU.Build.0 = Release|Any CPU
		{0D156B00-88CC-4804-A7FB-B8359B795A47}.Release|iPhone.ActiveCfg = Release|Any CPU
		{0D156B00-88CC-4804-A7FB-B8359B795A47}.Release|iPhone.Build.0 = Release|Any CPU
		{0D156B00-88CC-4804-A7FB-B8359B795A47}.Release|iPhoneSimulator.ActiveCfg = Release|Any CPU
		{0D156B00-88CC-4804-A7FB-B8359B795A47}.Release|iPhoneSimulator.Build.0 = Release|Any CPU
		{2A6FFD82-E7EA-419D-B4F9-38EE88222C85}.Debug|Any CPU.ActiveCfg = Debug|iPhoneSimulator
		{2A6FFD82-E7EA-419D-B4F9-38EE88222C85}.Debug|Any CPU.Build.0 = Debug|iPhoneSimulator
		{2A6FFD82-E7EA-419D-B4F9-38EE88222C85}.Debug|iPhone.ActiveCfg = Debug|iPhone
		{2A6FFD82-E7EA-419D-B4F9-38EE88222C85}.Debug|iPhone.Build.0 = Debug|iPhone
		{2A6FFD82-E7EA-419D-B4F9-38EE88222C85}.Debug|iPhoneSimulator.ActiveCfg = Debug|iPhoneSimulator
		{2A6FFD82-E7EA-419D-B4F9-38EE88222C85}.Debug|iPhoneSimulator.Build.0 = Debug|iPhoneSimulator
		{2A6FFD82-E7EA-419D-B4F9-38EE88222C85}.Release|Any CPU.ActiveCfg = Release|iPhoneSimulator
		{2A6FFD82-E7EA-419D-B4F9-38EE88222C85}.Release|Any CPU.Build.0 = Release|iPhoneSimulator
		{2A6FFD82-E7EA-419D-B4F9-38EE88222C85}.Release|iPhone.ActiveCfg = Release|iPhone
		{2A6FFD82-E7EA-419D-B4F9-38EE88222C85}.Release|iPhone.Build.0 = Release|iPhone
		{2A6FFD82-E7EA-419D-B4F9-38EE88222C85}.Release|iPhoneSimulator.ActiveCfg = Release|iPhoneSimulator
		{2A6FFD82-E7EA-419D-B4F9-38EE88222C85}.Release|iPhoneSimulator.Build.0 = Release|iPhoneSimulator
		{288E03E6-7EF3-43DD-BF8E-5D60DCD296D5}.Debug|Any CPU.ActiveCfg = Debug|Any CPU
		{288E03E6-7EF3-43DD-BF8E-5D60DCD296D5}.Debug|Any CPU.Build.0 = Debug|Any CPU
		{288E03E6-7EF3-43DD-BF8E-5D60DCD296D5}.Debug|iPhone.ActiveCfg = Debug|Any CPU
		{288E03E6-7EF3-43DD-BF8E-5D60DCD296D5}.Debug|iPhone.Build.0 = Debug|Any CPU
		{288E03E6-7EF3-43DD-BF8E-5D60DCD296D5}.Debug|iPhoneSimulator.ActiveCfg = Debug|Any CPU
		{288E03E6-7EF3-43DD-BF8E-5D60DCD296D5}.Debug|iPhoneSimulator.Build.0 = Debug|Any CPU
		{288E03E6-7EF3-43DD-BF8E-5D60DCD296D5}.Release|Any CPU.ActiveCfg = Release|Any CPU
		{288E03E6-7EF3-43DD-BF8E-5D60DCD296D5}.Release|Any CPU.Build.0 = Release|Any CPU
		{288E03E6-7EF3-43DD-BF8E-5D60DCD296D5}.Release|iPhone.ActiveCfg = Release|Any CPU
		{288E03E6-7EF3-43DD-BF8E-5D60DCD296D5}.Release|iPhone.Build.0 = Release|Any CPU
		{288E03E6-7EF3-43DD-BF8E-5D60DCD296D5}.Release|iPhoneSimulator.ActiveCfg = Release|Any CPU
		{288E03E6-7EF3-43DD-BF8E-5D60DCD296D5}.Release|iPhoneSimulator.Build.0 = Release|Any CPU
	EndGlobalSection
	GlobalSection(SolutionProperties) = preSolution
		HideSolutionNode = FALSE
	EndGlobalSection
	GlobalSection(ExtensibilityGlobals) = postSolution
		SolutionGuid = {1DC95539-A315-4DEF-B795-AF4F4E6FA59A}
	EndGlobalSection
EndGlobal
